
Microsoft Visual Studio Solution File, Format Version 12.00
# Visual Studio 14
VisualStudioVersion = 14.0.24720.0
MinimumVisualStudioVersion = 10.0.40219.1
Project("{FAE04EC0-301F-11D3-BF4B-00C04F79EFBC}") = "WebApi", "WebApi\WebApi.csproj", "{D4C67711-67C9-4DF0-829D-E0AF8D098CE4}"
EndProject
Project("{FAE04EC0-301F-11D3-BF4B-00C04F79EFBC}") = "TestingProject", "TestingProject\TestingProject.csproj", "{F05CE182-D957-40D6-BAD9-9EC58BD32A2D}"
EndProject
Project("{FAE04EC0-301F-11D3-BF4B-00C04F79EFBC}") = "SensorReader", "SensorReader\SensorReader.csproj", "{E66966EC-F80B-4926-90E5-83BEFFBB852E}"
EndProject
Project("{FAE04EC0-301F-11D3-BF4B-00C04F79EFBC}") = "FakeBroadcast", "FakeBroadcast\FakeBroadcast.csproj", "{5B0F9383-79AC-484F-A488-2C7ABBE01BBC}"
EndProject
Project("{6141683F-8A12-4E36-9623-2EB02B2C2303}") = "AwesomeDuckNinjasInstaller", "AwesomeDuckNinjasInstaller\AwesomeDuckNinjasInstaller.isproj", "{9E5C7C5C-E713-4299-9119-92AD0CA9924C}"
	ProjectSection(ProjectDependencies) = postProject
		{5B0F9383-79AC-484F-A488-2C7ABBE01BBC} = {5B0F9383-79AC-484F-A488-2C7ABBE01BBC}
		{E66966EC-F80B-4926-90E5-83BEFFBB852E} = {E66966EC-F80B-4926-90E5-83BEFFBB852E}
	EndProjectSection
EndProject
Global
	GlobalSection(SolutionConfigurationPlatforms) = preSolution
		CD_ROM|Any CPU = CD_ROM|Any CPU
		Debug|Any CPU = Debug|Any CPU
		DVD-5|Any CPU = DVD-5|Any CPU
		Release|Any CPU = Release|Any CPU
		SingleImage|Any CPU = SingleImage|Any CPU
	EndGlobalSection
	GlobalSection(ProjectConfigurationPlatforms) = postSolution
		{D4C67711-67C9-4DF0-829D-E0AF8D098CE4}.CD_ROM|Any CPU.ActiveCfg = Release|Any CPU
		{D4C67711-67C9-4DF0-829D-E0AF8D098CE4}.CD_ROM|Any CPU.Build.0 = Release|Any CPU
		{D4C67711-67C9-4DF0-829D-E0AF8D098CE4}.Debug|Any CPU.ActiveCfg = Debug|Any CPU
		{D4C67711-67C9-4DF0-829D-E0AF8D098CE4}.Debug|Any CPU.Build.0 = Debug|Any CPU
		{D4C67711-67C9-4DF0-829D-E0AF8D098CE4}.DVD-5|Any CPU.ActiveCfg = Debug|Any CPU
		{D4C67711-67C9-4DF0-829D-E0AF8D098CE4}.DVD-5|Any CPU.Build.0 = Debug|Any CPU
		{D4C67711-67C9-4DF0-829D-E0AF8D098CE4}.Release|Any CPU.ActiveCfg = Release|Any CPU
		{D4C67711-67C9-4DF0-829D-E0AF8D098CE4}.Release|Any CPU.Build.0 = Release|Any CPU
		{D4C67711-67C9-4DF0-829D-E0AF8D098CE4}.SingleImage|Any CPU.ActiveCfg = Release|Any CPU
		{D4C67711-67C9-4DF0-829D-E0AF8D098CE4}.SingleImage|Any CPU.Build.0 = Release|Any CPU
		{F05CE182-D957-40D6-BAD9-9EC58BD32A2D}.CD_ROM|Any CPU.ActiveCfg = Release|Any CPU
		{F05CE182-D957-40D6-BAD9-9EC58BD32A2D}.CD_ROM|Any CPU.Build.0 = Release|Any CPU
		{F05CE182-D957-40D6-BAD9-9EC58BD32A2D}.Debug|Any CPU.ActiveCfg = Debug|Any CPU
		{F05CE182-D957-40D6-BAD9-9EC58BD32A2D}.Debug|Any CPU.Build.0 = Debug|Any CPU
		{F05CE182-D957-40D6-BAD9-9EC58BD32A2D}.DVD-5|Any CPU.ActiveCfg = Debug|Any CPU
		{F05CE182-D957-40D6-BAD9-9EC58BD32A2D}.DVD-5|Any CPU.Build.0 = Debug|Any CPU
		{F05CE182-D957-40D6-BAD9-9EC58BD32A2D}.Release|Any CPU.ActiveCfg = Release|Any CPU
		{F05CE182-D957-40D6-BAD9-9EC58BD32A2D}.Release|Any CPU.Build.0 = Release|Any CPU
		{F05CE182-D957-40D6-BAD9-9EC58BD32A2D}.SingleImage|Any CPU.ActiveCfg = Release|Any CPU
		{F05CE182-D957-40D6-BAD9-9EC58BD32A2D}.SingleImage|Any CPU.Build.0 = Release|Any CPU
		{E66966EC-F80B-4926-90E5-83BEFFBB852E}.CD_ROM|Any CPU.ActiveCfg = Release|Any CPU
		{E66966EC-F80B-4926-90E5-83BEFFBB852E}.CD_ROM|Any CPU.Build.0 = Release|Any CPU
		{E66966EC-F80B-4926-90E5-83BEFFBB852E}.Debug|Any CPU.ActiveCfg = Debug|Any CPU
		{E66966EC-F80B-4926-90E5-83BEFFBB852E}.Debug|Any CPU.Build.0 = Debug|Any CPU
		{E66966EC-F80B-4926-90E5-83BEFFBB852E}.DVD-5|Any CPU.ActiveCfg = Debug|Any CPU
		{E66966EC-F80B-4926-90E5-83BEFFBB852E}.DVD-5|Any CPU.Build.0 = Debug|Any CPU
		{E66966EC-F80B-4926-90E5-83BEFFBB852E}.Release|Any CPU.ActiveCfg = Release|Any CPU
		{E66966EC-F80B-4926-90E5-83BEFFBB852E}.Release|Any CPU.Build.0 = Release|Any CPU
		{E66966EC-F80B-4926-90E5-83BEFFBB852E}.SingleImage|Any CPU.ActiveCfg = Release|Any CPU
		{E66966EC-F80B-4926-90E5-83BEFFBB852E}.SingleImage|Any CPU.Build.0 = Release|Any CPU
		{5B0F9383-79AC-484F-A488-2C7ABBE01BBC}.CD_ROM|Any CPU.ActiveCfg = Release|Any CPU
		{5B0F9383-79AC-484F-A488-2C7ABBE01BBC}.CD_ROM|Any CPU.Build.0 = Release|Any CPU
		{5B0F9383-79AC-484F-A488-2C7ABBE01BBC}.Debug|Any CPU.ActiveCfg = Debug|Any CPU
		{5B0F9383-79AC-484F-A488-2C7ABBE01BBC}.Debug|Any CPU.Build.0 = Debug|Any CPU
		{5B0F9383-79AC-484F-A488-2C7ABBE01BBC}.DVD-5|Any CPU.ActiveCfg = Debug|Any CPU
		{5B0F9383-79AC-484F-A488-2C7ABBE01BBC}.DVD-5|Any CPU.Build.0 = Debug|Any CPU
		{5B0F9383-79AC-484F-A488-2C7ABBE01BBC}.Release|Any CPU.ActiveCfg = Release|Any CPU
		{5B0F9383-79AC-484F-A488-2C7ABBE01BBC}.Release|Any CPU.Build.0 = Release|Any CPU
		{5B0F9383-79AC-484F-A488-2C7ABBE01BBC}.SingleImage|Any CPU.ActiveCfg = Release|Any CPU
		{5B0F9383-79AC-484F-A488-2C7ABBE01BBC}.SingleImage|Any CPU.Build.0 = Release|Any CPU
		{9E5C7C5C-E713-4299-9119-92AD0CA9924C}.CD_ROM|Any CPU.ActiveCfg = CD_ROM
		{9E5C7C5C-E713-4299-9119-92AD0CA9924C}.CD_ROM|Any CPU.Build.0 = CD_ROM
		{9E5C7C5C-E713-4299-9119-92AD0CA9924C}.Debug|Any CPU.ActiveCfg = DVD-5
		{9E5C7C5C-E713-4299-9119-92AD0CA9924C}.Debug|Any CPU.Build.0 = DVD-5
		{9E5C7C5C-E713-4299-9119-92AD0CA9924C}.DVD-5|Any CPU.ActiveCfg = DVD-5
		{9E5C7C5C-E713-4299-9119-92AD0CA9924C}.DVD-5|Any CPU.Build.0 = DVD-5
		{9E5C7C5C-E713-4299-9119-92AD0CA9924C}.Release|Any CPU.ActiveCfg = SingleImage
		{9E5C7C5C-E713-4299-9119-92AD0CA9924C}.Release|Any CPU.Build.0 = SingleImage
		{9E5C7C5C-E713-4299-9119-92AD0CA9924C}.SingleImage|Any CPU.ActiveCfg = SingleImage
		{9E5C7C5C-E713-4299-9119-92AD0CA9924C}.SingleImage|Any CPU.Build.0 = SingleImage
	EndGlobalSection
	GlobalSection(SolutionProperties) = preSolution
		HideSolutionNode = FALSE
	EndGlobalSection
EndGlobal
